{
    "_meta": {
        "hash": {
            "sha256": "cf944b22c16521cf4576dd70f1788f96aa1e13e776f14115501324cb614bcba8"
        },
        "pipfile-spec": 6,
        "requires": {
            "python_version": "3.9"
        },
        "sources": [
            {
                "name": "pypi",
                "url": "https://pypi.org/simple",
                "verify_ssl": true
            }
        ]
    },
    "default": {
        "jsonpickle": {
            "hashes": [
                "sha256:4a8442d97ca3f77978afa58068768dba7bff2dbabe79a9647bc3cdafd4ef019f",
                "sha256:e37abba4bfb3ca4a4647d28bb9f4706436f7b46c8a8333b4a718abafa8e46b37"
            ],
            "index": "pypi",
            "version": "==3.0.2"
        }
    },
    "develop": {}
}
